// !$*UTF8*$!
{
	archiveVersion = 1;
	classes = {
	};
	objectVersion = 55;
	objects = {

/* Begin PBXBuildFile section */
		BC08361D283764750045D329 /* AppDelegate.swift in Sources */ = {isa = PBXBuildFile; fileRef = BC08361C283764750045D329 /* AppDelegate.swift */; };
		BC08361F283764750045D329 /* SceneDelegate.swift in Sources */ = {isa = PBXBuildFile; fileRef = BC08361E283764750045D329 /* SceneDelegate.swift */; };
		BC083621283764750045D329 /* ViewController.swift in Sources */ = {isa = PBXBuildFile; fileRef = BC083620283764750045D329 /* ViewController.swift */; };
		BC083624283764750045D329 /* Main.storyboard in Resources */ = {isa = PBXBuildFile; fileRef = BC083622283764750045D329 /* Main.storyboard */; };
		BC083627283764750045D329 /* Audio.xcdatamodeld in Sources */ = {isa = PBXBuildFile; fileRef = BC083625283764750045D329 /* Audio.xcdatamodeld */; };
		BC083629283764760045D329 /* Assets.xcassets in Resources */ = {isa = PBXBuildFile; fileRef = BC083628283764760045D329 /* Assets.xcassets */; };
		BC08362C283764760045D329 /* LaunchScreen.storyboard in Resources */ = {isa = PBXBuildFile; fileRef = BC08362A283764760045D329 /* LaunchScreen.storyboard */; };
		BC083637283764770045D329 /* AudioTests.swift in Sources */ = {isa = PBXBuildFile; fileRef = BC083636283764770045D329 /* AudioTests.swift */; };
		BC083641283764770045D329 /* AudioUITests.swift in Sources */ = {isa = PBXBuildFile; fileRef = BC083640283764770045D329 /* AudioUITests.swift */; };
		BC083643283764770045D329 /* AudioUITestsLaunchTests.swift in Sources */ = {isa = PBXBuildFile; fileRef = BC083642283764770045D329 /* AudioUITestsLaunchTests.swift */; };
		BC08365028376C1D0045D329 /* Sicilian_Breeze.mp3 in Resources */ = {isa = PBXBuildFile; fileRef = BC08364F28376C1D0045D329 /* Sicilian_Breeze.mp3 */; };
/* End PBXBuildFile section */

/* Begin PBXContainerItemProxy section */
		BC083633283764770045D329 /* PBXContainerItemProxy */ = {
			isa = PBXContainerItemProxy;
			containerPortal = BC083611283764750045D329 /* Project object */;
			proxyType = 1;
			remoteGlobalIDString = BC083618283764750045D329;
			remoteInfo = Audio;
		};
		BC08363D283764770045D329 /* PBXContainerItemProxy */ = {
			isa = PBXContainerItemProxy;
			containerPortal = BC083611283764750045D329 /* Project object */;
			proxyType = 1;
			remoteGlobalIDString = BC083618283764750045D329;
			remoteInfo = Audio;
		};
/* End PBXContainerItemProxy section */

/* Begin PBXFileReference section */
		BC083619283764750045D329 /* Audio.app */ = {isa = PBXFileReference; explicitFileType = wrapper.application; includeInIndex = 0; path = Audio.app; sourceTree = BUILT_PRODUCTS_DIR; };
		BC08361C283764750045D329 /* AppDelegate.swift */ = {isa = PBXFileReference; lastKnownFileType = sourcecode.swift; path = AppDelegate.swift; sourceTree = "<group>"; };
		BC08361E283764750045D329 /* SceneDelegate.swift */ = {isa = PBXFileReference; lastKnownFileType = sourcecode.swift; path = SceneDelegate.swift; sourceTree = "<group>"; };
		BC083620283764750045D329 /* ViewController.swift */ = {isa = PBXFileReference; lastKnownFileType = sourcecode.swift; path = ViewController.swift; sourceTree = "<group>"; };
		BC083623283764750045D329 /* Base */ = {isa = PBXFileReference; lastKnownFileType = file.storyboard; name = Base; path = Base.lproj/Main.storyboard; sourceTree = "<group>"; };
		BC083626283764750045D329 /* Audio.xcdatamodel */ = {isa = PBXFileReference; lastKnownFileType = wrapper.xcdatamodel; path = Audio.xcdatamodel; sourceTree = "<group>"; };
		BC083628283764760045D329 /* Assets.xcassets */ = {isa = PBXFileReference; lastKnownFileType = folder.assetcatalog; path = Assets.xcassets; sourceTree = "<group>"; };
		BC08362B283764760045D329 /* Base */ = {isa = PBXFileReference; lastKnownFileType = file.storyboard; name = Base; path = Base.lproj/LaunchScreen.storyboard; sourceTree = "<group>"; };
		BC08362D283764760045D329 /* Info.plist */ = {isa = PBXFileReference; lastKnownFileType = text.plist.xml; path = Info.plist; sourceTree = "<group>"; };
		BC083632283764770045D329 /* AudioTests.xctest */ = {isa = PBXFileReference; explicitFileType = wrapper.cfbundle; includeInIndex = 0; path = AudioTests.xctest; sourceTree = BUILT_PRODUCTS_DIR; };
		BC083636283764770045D329 /* AudioTests.swift */ = {isa = PBXFileReference; lastKnownFileType = sourcecode.swift; path = AudioTests.swift; sourceTree = "<group>"; };
		BC08363C283764770045D329 /* AudioUITests.xctest */ = {isa = PBXFileReference; explicitFileType = wrapper.cfbundle; includeInIndex = 0; path = AudioUITests.xctest; sourceTree = BUILT_PRODUCTS_DIR; };
		BC083640283764770045D329 /* AudioUITests.swift */ = {isa = PBXFileReference; lastKnownFileType = sourcecode.swift; path = AudioUITests.swift; sourceTree = "<group>"; };
		BC083642283764770045D329 /* AudioUITestsLaunchTests.swift */ = {isa = PBXFileReference; lastKnownFileType = sourcecode.swift; path = AudioUITestsLaunchTests.swift; sourceTree = "<group>"; };
		BC08364F28376C1D0045D329 /* Sicilian_Breeze.mp3 */ = {isa = PBXFileReference; lastKnownFileType = audio.mp3; path = Sicilian_Breeze.mp3; sourceTree = "<group>"; };
/* End PBXFileReference section */

/* Begin PBXFrameworksBuildPhase section */
		BC083616283764750045D329 /* Frameworks */ = {
			isa = PBXFrameworksBuildPhase;
			buildActionMask = 2147483647;
			files = (
			);
			runOnlyForDeploymentPostprocessing = 0;
		};
		BC08362F283764770045D329 /* Frameworks */ = {
			isa = PBXFrameworksBuildPhase;
			buildActionMask = 2147483647;
			files = (
			);
			runOnlyForDeploymentPostprocessing = 0;
		};
		BC083639283764770045D329 /* Frameworks */ = {
			isa = PBXFrameworksBuildPhase;
			buildActionMask = 2147483647;
			files = (
			);
			runOnlyForDeploymentPostprocessing = 0;
		};
/* End PBXFrameworksBuildPhase section */

/* Begin PBXGroup section */
		BC083610283764750045D329 = {
			isa = PBXGroup;
			children = (
				BC08361B283764750045D329 /* Audio */,
				BC083635283764770045D329 /* AudioTests */,
				BC08363F283764770045D329 /* AudioUITests */,
				BC08361A283764750045D329 /* Products */,
			);
			sourceTree = "<group>";
		};
		BC08361A283764750045D329 /* Products */ = {
			isa = PBXGroup;
			children = (
				BC083619283764750045D329 /* Audio.app */,
				BC083632283764770045D329 /* AudioTests.xctest */,
				BC08363C283764770045D329 /* AudioUITests.xctest */,
			);
			name = Products;
			sourceTree = "<group>";
		};
		BC08361B283764750045D329 /* Audio */ = {
			isa = PBXGroup;
			children = (
				BC08364F28376C1D0045D329 /* Sicilian_Breeze.mp3 */,
				BC08361C283764750045D329 /* AppDelegate.swift */,
				BC08361E283764750045D329 /* SceneDelegate.swift */,
				BC083620283764750045D329 /* ViewController.swift */,
				BC083622283764750045D329 /* Main.storyboard */,
				BC083628283764760045D329 /* Assets.xcassets */,
				BC08362A283764760045D329 /* LaunchScreen.storyboard */,
				BC08362D283764760045D329 /* Info.plist */,
				BC083625283764750045D329 /* Audio.xcdatamodeld */,
			);
			path = Audio;
			sourceTree = "<group>";
		};
		BC083635283764770045D329 /* AudioTests */ = {
			isa = PBXGroup;
			children = (
				BC083636283764770045D329 /* AudioTests.swift */,
			);
			path = AudioTests;
			sourceTree = "<group>";
		};
		BC08363F283764770045D329 /* AudioUITests */ = {
			isa = PBXGroup;
			children = (
				BC083640283764770045D329 /* AudioUITests.swift */,
				BC083642283764770045D329 /* AudioUITestsLaunchTests.swift */,
			);
			path = AudioUITests;
			sourceTree = "<group>";
		};
/* End PBXGroup section */

/* Begin PBXNativeTarget section */
		BC083618283764750045D329 /* Audio */ = {
			isa = PBXNativeTarget;
			buildConfigurationList = BC083646283764770045D329 /* Build configuration list for PBXNativeTarget "Audio" */;
			buildPhases = (
				BC083615283764750045D329 /* Sources */,
				BC083616283764750045D329 /* Frameworks */,
				BC083617283764750045D329 /* Resources */,
			);
			buildRules = (
			);
			dependencies = (
			);
			name = Audio;
			productName = Audio;
			productReference = BC083619283764750045D329 /* Audio.app */;
			productType = "com.apple.product-type.application";
		};
		BC083631283764770045D329 /* AudioTests */ = {
			isa = PBXNativeTarget;
			buildConfigurationList = BC083649283764770045D329 /* Build configuration list for PBXNativeTarget "AudioTests" */;
			buildPhases = (
				BC08362E283764770045D329 /* Sources */,
				BC08362F283764770045D329 /* Frameworks */,
				BC083630283764770045D329 /* Resources */,
			);
			buildRules = (
			);
			dependencies = (
				BC083634283764770045D329 /* PBXTargetDependency */,
			);
			name = AudioTests;
			productName = AudioTests;
			productReference = BC083632283764770045D329 /* AudioTests.xctest */;
			productType = "com.apple.product-type.bundle.unit-test";
		};
		BC08363B283764770045D329 /* AudioUITests */ = {
			isa = PBXNativeTarget;
			buildConfigurationList = BC08364C283764770045D329 /* Build configuration list for PBXNativeTarget "AudioUITests" */;
			buildPhases = (
				BC083638283764770045D329 /* Sources */,
				BC083639283764770045D329 /* Frameworks */,
				BC08363A283764770045D329 /* Resources */,
			);
			buildRules = (
			);
			dependencies = (
				BC08363E283764770045D329 /* PBXTargetDependency */,
			);
			name = AudioUITests;
			productName = AudioUITests;
			productReference = BC08363C283764770045D329 /* AudioUITests.xctest */;
			productType = "com.apple.product-type.bundle.ui-testing";
		};
/* End PBXNativeTarget section */

/* Begin PBXProject section */
		BC083611283764750045D329 /* Project object */ = {
			isa = PBXProject;
			attributes = {
				BuildIndependentTargetsInParallel = 1;
				LastSwiftUpdateCheck = 1320;
				LastUpgradeCheck = 1320;
				TargetAttributes = {
					BC083618283764750045D329 = {
						CreatedOnToolsVersion = 13.2.1;
					};
					BC083631283764770045D329 = {
						CreatedOnToolsVersion = 13.2.1;
						TestTargetID = BC083618283764750045D329;
					};
					BC08363B283764770045D329 = {
						CreatedOnToolsVersion = 13.2.1;
						TestTargetID = BC083618283764750045D329;
					};
				};
			};
			buildConfigurationList = BC083614283764750045D329 /* Build configuration list for PBXProject "Audio" */;
			compatibilityVersion = "Xcode 13.0";
			developmentRegion = en;
			hasScannedForEncodings = 0;
			knownRegions = (
				en,
				Base,
			);
			mainGroup = BC083610283764750045D329;
			productRefGroup = BC08361A283764750045D329 /* Products */;
			projectDirPath = "";
			projectRoot = "";
			targets = (
				BC083618283764750045D329 /* Audio */,
				BC083631283764770045D329 /* AudioTests */,
				BC08363B283764770045D329 /* AudioUITests */,
			);
		};
/* End PBXProject section */

/* Begin PBXResourcesBuildPhase section */
		BC083617283764750045D329 /* Resources */ = {
			isa = PBXResourcesBuildPhase;
			buildActionMask = 2147483647;
			files = (
				BC08362C283764760045D329 /* LaunchScreen.storyboard in Resources */,
				BC08365028376C1D0045D329 /* Sicilian_Breeze.mp3 in Resources */,
				BC083629283764760045D329 /* Assets.xcassets in Resources */,
				BC083624283764750045D329 /* Main.storyboard in Resources */,
			);
			runOnlyForDeploymentPostprocessing = 0;
		};
		BC083630283764770045D329 /* Resources */ = {
			isa = PBXResourcesBuildPhase;
			buildActionMask = 2147483647;
			files = (
			);
			runOnlyForDeploymentPostprocessing = 0;
		};
		BC08363A283764770045D329 /* Resources */ = {
			isa = PBXResourcesBuildPhase;
			buildActionMask = 2147483647;
			files = (
			);
			runOnlyForDeploymentPostprocessing = 0;
		};
/* End PBXResourcesBuildPhase section */

/* Begin PBXSourcesBuildPhase section */
		BC083615283764750045D329 /* Sources */ = {
			isa = PBXSourcesBuildPhase;
			buildActionMask = 2147483647;
			files = (
				BC083627283764750045D329 /* Audio.xcdatamodeld in Sources */,
				BC083621283764750045D329 /* ViewController.swift in Sources */,
				BC08361D283764750045D329 /* AppDelegate.swift in Sources */,
				BC08361F283764750045D329 /* SceneDelegate.swift in Sources */,
			);
			runOnlyForDeploymentPostprocessing = 0;
		};
		BC08362E283764770045D329 /* Sources */ = {
			isa = PBXSourcesBuildPhase;
			buildActionMask = 2147483647;
			files = (
				BC083637283764770045D329 /* AudioTests.swift in Sources */,
			);
			runOnlyForDeploymentPostprocessing = 0;
		};
		BC083638283764770045D329 /* Sources */ = {
			isa = PBXSourcesBuildPhase;
			buildActionMask = 2147483647;
			files = (
				BC083641283764770045D329 /* AudioUITests.swift in Sources */,
				BC083643283764770045D329 /* AudioUITestsLaunchTests.swift in Sources */,
			);
			runOnlyForDeploymentPostprocessing = 0;
		};
/* End PBXSourcesBuildPhase section */

/* Begin PBXTargetDependency section */
		BC083634283764770045D329 /* PBXTargetDependency */ = {
			isa = PBXTargetDependency;
			target = BC083618283764750045D329 /* Audio */;
			targetProxy = BC083633283764770045D329 /* PBXContainerItemProxy */;
		};
		BC08363E283764770045D329 /* PBXTargetDependency */ = {
			isa = PBXTargetDependency;
			target = BC083618283764750045D329 /* Audio */;
			targetProxy = BC08363D283764770045D329 /* PBXContainerItemProxy */;
		};
/* End PBXTargetDependency section */

/* Begin PBXVariantGroup section */
		BC083622283764750045D329 /* Main.storyboard */ = {
			isa = PBXVariantGroup;
			children = (
				BC083623283764750045D329 /* Base */,
			);
			name = Main.storyboard;
			sourceTree = "<group>";
		};
		BC08362A283764760045D329 /* LaunchScreen.storyboard */ = {
			isa = PBXVariantGroup;
			children = (
				BC08362B283764760045D329 /* Base */,
			);
			name = LaunchScreen.storyboard;
			sourceTree = "<group>";
		};
/* End PBXVariantGroup section */

/* Begin XCBuildConfiguration section */
		BC083644283764770045D329 /* Debug */ = {
			isa = XCBuildConfiguration;
			buildSettings = {
				ALWAYS_SEARCH_USER_PATHS = NO;
				CLANG_ANALYZER_NONNULL = YES;
				CLANG_ANALYZER_NUMBER_OBJECT_CONVERSION = YES_AGGRESSIVE;
				CLANG_CXX_LANGUAGE_STANDARD = "gnu++17";
				CLANG_CXX_LIBRARY = "libc++";
				CLANG_ENABLE_MODULES = YES;
				CLANG_ENABLE_OBJC_ARC = YES;
				CLANG_ENABLE_OBJC_WEAK = YES;
				CLANG_WARN_BLOCK_CAPTURE_AUTORELEASING = YES;
				CLANG_WARN_BOOL_CONVERSION = YES;
				CLANG_WARN_COMMA = YES;
				CLANG_WARN_CONSTANT_CONVERSION = YES;
				CLANG_WARN_DEPRECATED_OBJC_IMPLEMENTATIONS = YES;
				CLANG_WARN_DIRECT_OBJC_ISA_USAGE = YES_ERROR;
				CLANG_WARN_DOCUMENTATION_COMMENTS = YES;
				CLANG_WARN_EMPTY_BODY = YES;
				CLANG_WARN_ENUM_CONVERSION = YES;
				CLANG_WARN_INFINITE_RECURSION = YES;
				CLANG_WARN_INT_CONVERSION = YES;
				CLANG_WARN_NON_LITERAL_NULL_CONVERSION = YES;
				CLANG_WARN_OBJC_IMPLICIT_RETAIN_SELF = YES;
				CLANG_WARN_OBJC_LITERAL_CONVERSION = YES;
				CLANG_WARN_OBJC_ROOT_CLASS = YES_ERROR;
				CLANG_WARN_QUOTED_INCLUDE_IN_FRAMEWORK_HEADER = YES;
				CLANG_WARN_RANGE_LOOP_ANALYSIS = YES;
				CLANG_WARN_STRICT_PROTOTYPES = YES;
				CLANG_WARN_SUSPICIOUS_MOVE = YES;
				CLANG_WARN_UNGUARDED_AVAILABILITY = YES_AGGRESSIVE;
				CLANG_WARN_UNREACHABLE_CODE = YES;
				CLANG_WARN__DUPLICATE_METHOD_MATCH = YES;
				COPY_PHASE_STRIP = NO;
				DEBUG_INFORMATION_FORMAT = dwarf;
				ENABLE_STRICT_OBJC_MSGSEND = YES;
				ENABLE_TESTABILITY = YES;
				GCC_C_LANGUAGE_STANDARD = gnu11;
				GCC_DYNAMIC_NO_PIC = NO;
				GCC_NO_COMMON_BLOCKS = YES;
				GCC_OPTIMIZATION_LEVEL = 0;
				GCC_PREPROCESSOR_DEFINITIONS = (
					"DEBUG=1",
					"$(inherited)",
				);
				GCC_WARN_64_TO_32_BIT_CONVERSION = YES;
				GCC_WARN_ABOUT_RETURN_TYPE = YES_ERROR;
				GCC_WARN_UNDECLARED_SELECTOR = YES;
				GCC_WARN_UNINITIALIZED_AUTOS = YES_AGGRESSIVE;
				GCC_WARN_UNUSED_FUNCTION = YES;
				GCC_WARN_UNUSED_VARIABLE = YES;
				IPHONEOS_DEPLOYMENT_TARGET = 15.2;
				MTL_ENABLE_DEBUG_INFO = INCLUDE_SOURCE;
				MTL_FAST_MATH = YES;
				ONLY_ACTIVE_ARCH = YES;
				SDKROOT = iphoneos;
				SWIFT_ACTIVE_COMPILATION_CONDITIONS = DEBUG;
				SWIFT_OPTIMIZATION_LEVEL = "-Onone";
			};
			name = Debug;
		};
		BC083645283764770045D329 /* Release */ = {
			isa = XCBuildConfiguration;
			buildSettings = {
				ALWAYS_SEARCH_USER_PATHS = NO;
				CLANG_ANALYZER_NONNULL = YES;
				CLANG_ANALYZER_NUMBER_OBJECT_CONVERSION = YES_AGGRESSIVE;
				CLANG_CXX_LANGUAGE_STANDARD = "gnu++17";
				CLANG_CXX_LIBRARY = "libc++";
				CLANG_ENABLE_MODULES = YES;
				CLANG_ENABLE_OBJC_ARC = YES;
				CLANG_ENABLE_OBJC_WEAK = YES;
				CLANG_WARN_BLOCK_CAPTURE_AUTORELEASING = YES;
				CLANG_WARN_BOOL_CONVERSION = YES;
				CLANG_WARN_COMMA = YES;
				CLANG_WARN_CONSTANT_CONVERSION = YES;
				CLANG_WARN_DEPRECATED_OBJC_IMPLEMENTATIONS = YES;
				CLANG_WARN_DIRECT_OBJC_ISA_USAGE = YES_ERROR;
				CLANG_WARN_DOCUMENTATION_COMMENTS = YES;
				CLANG_WARN_EMPTY_BODY = YES;
				CLANG_WARN_ENUM_CONVERSION = YES;
				CLANG_WARN_INFINITE_RECURSION = YES;
				CLANG_WARN_INT_CONVERSION = YES;
				CLANG_WARN_NON_LITERAL_NULL_CONVERSION = YES;
				CLANG_WARN_OBJC_IMPLICIT_RETAIN_SELF = YES;
				CLANG_WARN_OBJC_LITERAL_CONVERSION = YES;
				CLANG_WARN_OBJC_ROOT_CLASS = YES_ERROR;
				CLANG_WARN_QUOTED_INCLUDE_IN_FRAMEWORK_HEADER = YES;
				CLANG_WARN_RANGE_LOOP_ANALYSIS = YES;
				CLANG_WARN_STRICT_PROTOTYPES = YES;
				CLANG_WARN_SUSPICIOUS_MOVE = YES;
				CLANG_WARN_UNGUARDED_AVAILABILITY = YES_AGGRESSIVE;
				CLANG_WARN_UNREACHABLE_CODE = YES;
				CLANG_WARN__DUPLICATE_METHOD_MATCH = YES;
				COPY_PHASE_STRIP = NO;
				DEBUG_INFORMATION_FORMAT = "dwarf-with-dsym";
				ENABLE_NS_ASSERTIONS = NO;
				ENABLE_STRICT_OBJC_MSGSEND = YES;
				GCC_C_LANGUAGE_STANDARD = gnu11;
				GCC_NO_COMMON_BLOCKS = YES;
				GCC_WARN_64_TO_32_BIT_CONVERSION = YES;
				GCC_WARN_ABOUT_RETURN_TYPE = YES_ERROR;
				GCC_WARN_UNDECLARED_SELECTOR = YES;
				GCC_WARN_UNINITIALIZED_AUTOS = YES_AGGRESSIVE;
				GCC_WARN_UNUSED_FUNCTION = YES;
				GCC_WARN_UNUSED_VARIABLE = YES;
				IPHONEOS_DEPLOYMENT_TARGET = 15.2;
				MTL_ENABLE_DEBUG_INFO = NO;
				MTL_FAST_MATH = YES;
				SDKROOT = iphoneos;
				SWIFT_COMPILATION_MODE = wholemodule;
				SWIFT_OPTIMIZATION_LEVEL = "-O";
				VALIDATE_PRODUCT = YES;
			};
			name = Release;
		};
		BC083647283764770045D329 /* Debug */ = {
			isa = XCBuildConfiguration;
			buildSettings = {
				ASSETCATALOG_COMPILER_APPICON_NAME = AppIcon;
				ASSETCATALOG_COMPILER_GLOBAL_ACCENT_COLOR_NAME = AccentColor;
				CODE_SIGN_STYLE = Automatic;
				CURRENT_PROJECT_VERSION = 1;
				GENERATE_INFOPLIST_FILE = YES;
				INFOPLIST_FILE = Audio/Info.plist;
				INFOPLIST_KEY_UIApplicationSupportsIndirectInputEvents = YES;
				INFOPLIST_KEY_UILaunchStoryboardName = LaunchScreen;
				INFOPLIST_KEY_UIMainStoryboardFile = Main;
				INFOPLIST_KEY_UISupportedInterfaceOrientations_iPad = "UIInterfaceOrientationPortrait UIInterfaceOrientationPortraitUpsideDown UIInterfaceOrientationLandscapeLeft UIInterfaceOrientationLandscapeRight";
				INFOPLIST_KEY_UISupportedInterfaceOrientations_iPhone = "UIInterfaceOrientationPortrait UIInterfaceOrientationLandscapeLeft UIInterfaceOrientationLandscapeRight";
				LD_RUNPATH_SEARCH_PATHS = (
					"$(inherited)",
					"@executable_path/Frameworks",
				);
				MARKETING_VERSION = 1.0;
				PRODUCT_BUNDLE_IDENTIFIER = kr.ac.induk.www.Audio;
				PRODUCT_NAME = "$(TARGET_NAME)";
				SWIFT_EMIT_LOC_STRINGS = YES;
				SWIFT_VERSION = 5.0;
				TARGETED_DEVICE_FAMILY = "1,2";
			};
			name = Debug;
		};
		BC083648283764770045D329 /* Release */ = {
			isa = XCBuildConfiguration;
			buildSettings = {
				ASSETCATALOG_COMPILER_APPICON_NAME = AppIcon;
				ASSETCATALOG_COMPILER_GLOBAL_ACCENT_COLOR_NAME = AccentColor;
				CODE_SIGN_STYLE = Automatic;
				CURRENT_PROJECT_VERSION = 1;
				GENERATE_INFOPLIST_FILE = YES;
				INFOPLIST_FILE = Audio/Info.plist;
				INFOPLIST_KEY_UIApplicationSupportsIndirectInputEvents = YES;
				INFOPLIST_KEY_UILaunchStoryboardName = LaunchScreen;
				INFOPLIST_KEY_UIMainStoryboardFile = Main;
				INFOPLIST_KEY_UISupportedInterfaceOrientations_iPad = "UIInterfaceOrientationPortrait UIInterfaceOrientationPortraitUpsideDown UIInterfaceOrientationLandscapeLeft UIInterfaceOrientationLandscapeRight";
				INFOPLIST_KEY_UISupportedInterfaceOrientations_iPhone = "UIInterfaceOrientationPortrait UIInterfaceOrientationLandscapeLeft UIInterfaceOrientationLandscapeRight";
				LD_RUNPATH_SEARCH_PATHS = (
					"$(inherited)",
					"@executable_path/Frameworks",
				);
				MARKETING_VERSION = 1.0;
				PRODUCT_BUNDLE_IDENTIFIER = kr.ac.induk.www.Audio;
				PRODUCT_NAME = "$(TARGET_NAME)";
				SWIFT_EMIT_LOC_STRINGS = YES;
				SWIFT_VERSION = 5.0;
				TARGETED_DEVICE_FAMILY = "1,2";
			};
			name = Release;
		};
		BC08364A283764770045D329 /* Debug */ = {
			isa = XCBuildConfiguration;
			buildSettings = {
				ALWAYS_EMBED_SWIFT_STANDARD_LIBRARIES = YES;
				BUNDLE_LOADER = "$(TEST_HOST)";
				CODE_SIGN_STYLE = Automatic;
				CURRENT_PROJECT_VERSION = 1;
				GENERATE_INFOPLIST_FILE = YES;
				IPHONEOS_DEPLOYMENT_TARGET = 15.2;
				MARKETING_VERSION = 1.0;
				PRODUCT_BUNDLE_IDENTIFIER = kr.ac.induk.www.AudioTests;
				PRODUCT_NAME = "$(TARGET_NAME)";
				SWIFT_EMIT_LOC_STRINGS = NO;
				SWIFT_VERSION = 5.0;
				TARGETED_DEVICE_FAMILY = "1,2";
				TEST_HOST = "$(BUILT_PRODUCTS_DIR)/Audio.app/Audio";
			};
			name = Debug;
		};
		BC08364B283764770045D329 /* Release */ = {
			isa = XCBuildConfiguration;
			buildSettings = {
				ALWAYS_EMBED_SWIFT_STANDARD_LIBRARIES = YES;
				BUNDLE_LOADER = "$(TEST_HOST)";
				CODE_SIGN_STYLE = Automatic;
				CURRENT_PROJECT_VERSION = 1;
				GENERATE_INFOPLIST_FILE = YES;
				IPHONEOS_DEPLOYMENT_TARGET = 15.2;
				MARKETING_VERSION = 1.0;
				PRODUCT_BUNDLE_IDENTIFIER = kr.ac.induk.www.AudioTests;
				PRODUCT_NAME = "$(TARGET_NAME)";
				SWIFT_EMIT_LOC_STRINGS = NO;
				SWIFT_VERSION = 5.0;
				TARGETED_DEVICE_FAMILY = "1,2";
				TEST_HOST = "$(BUILT_PRODUCTS_DIR)/Audio.app/Audio";
			};
			name = Release;
		};
		BC08364D283764770045D329 /* Debug */ = {
			isa = XCBuildConfiguration;
			buildSettings = {
				ALWAYS_EMBED_SWIFT_STANDARD_LIBRARIES = YES;
				CODE_SIGN_STYLE = Automatic;
				CURRENT_PROJECT_VERSION = 1;
				GENERATE_INFOPLIST_FILE = YES;
				MARKETING_VERSION = 1.0;
				PRODUCT_BUNDLE_IDENTIFIER = kr.ac.induk.www.AudioUITests;
				PRODUCT_NAME = "$(TARGET_NAME)";
				SWIFT_EMIT_LOC_STRINGS = NO;
				SWIFT_VERSION = 5.0;
				TARGETED_DEVICE_FAMILY = "1,2";
				TEST_TARGET_NAME = Audio;
			};
			name = Debug;
		};
		BC08364E283764770045D329 /* Release */ = {
			isa = XCBuildConfiguration;
			buildSettings = {
				ALWAYS_EMBED_SWIFT_STANDARD_LIBRARIES = YES;
				CODE_SIGN_STYLE = Automatic;
				CURRENT_PROJECT_VERSION = 1;
				GENERATE_INFOPLIST_FILE = YES;
				MARKETING_VERSION = 1.0;
				PRODUCT_BUNDLE_IDENTIFIER = kr.ac.induk.www.AudioUITests;
				PRODUCT_NAME = "$(TARGET_NAME)";
				SWIFT_EMIT_LOC_STRINGS = NO;
				SWIFT_VERSION = 5.0;
				TARGETED_DEVICE_FAMILY = "1,2";
				TEST_TARGET_NAME = Audio;
			};
			name = Release;
		};
/* End XCBuildConfiguration section */

/* Begin XCConfigurationList section */
		BC083614283764750045D329 /* Build configuration list for PBXProject "Audio" */ = {
			isa = XCConfigurationList;
			buildConfigurations = (
				BC083644283764770045D329 /* Debug */,
				BC083645283764770045D329 /* Release */,
			);
			defaultConfigurationIsVisible = 0;
			defaultConfigurationName = Release;
		};
		BC083646283764770045D329 /* Build configuration list for PBXNativeTarget "Audio" */ = {
			isa = XCConfigurationList;
			buildConfigurations = (
				BC083647283764770045D329 /* Debug */,
				BC083648283764770045D329 /* Release */,
			);
			defaultConfigurationIsVisible = 0;
			defaultConfigurationName = Release;
		};
		BC083649283764770045D329 /* Build configuration list for PBXNativeTarget "AudioTests" */ = {
			isa = XCConfigurationList;
			buildConfigurations = (
				BC08364A283764770045D329 /* Debug */,
				BC08364B283764770045D329 /* Release */,
			);
			defaultConfigurationIsVisible = 0;
			defaultConfigurationName = Release;
		};
		BC08364C283764770045D329 /* Build configuration list for PBXNativeTarget "AudioUITests" */ = {
			isa = XCConfigurationList;
			buildConfigurations = (
				BC08364D283764770045D329 /* Debug */,
				BC08364E283764770045D329 /* Release */,
			);
			defaultConfigurationIsVisible = 0;
			defaultConfigurationName = Release;
		};
/* End XCConfigurationList section */

/* Begin XCVersionGroup section */
		BC083625283764750045D329 /* Audio.xcdatamodeld */ = {
			isa = XCVersionGroup;
			children = (
				BC083626283764750045D329 /* Audio.xcdatamodel */,
			);
			currentVersion = BC083626283764750045D329 /* Audio.xcdatamodel */;
			path = Audio.xcdatamodeld;
			sourceTree = "<group>";
			versionGroupType = wrapper.xcdatamodel;
		};
/* End XCVersionGroup section */
	};
	rootObject = BC083611283764750045D329 /* Project object */;
}
